
Microsoft Visual Studio Solution File, Format Version 12.00
# Visual Studio 15
VisualStudioVersion = 15.0.27703.2026
MinimumVisualStudioVersion = 10.0.40219.1
Project("{FAE04EC0-301F-11D3-BF4B-00C04F79EFBC}") = "AuthDemo", "AuthDemo\AuthDemo.csproj", "{69FEA6EF-48D2-45E2-8AFE-B70777B52737}"
EndProject
Global
	GlobalSection(SolutionConfigurationPlatforms) = preSolution
		Debug|Any CPU = Debug|Any CPU
		Release|Any CPU = Release|Any CPU
	EndGlobalSection
	GlobalSection(ProjectConfigurationPlatforms) = postSolution
		{69FEA6EF-48D2-45E2-8AFE-B70777B52737}.Debug|Any CPU.ActiveCfg = Debug|Any CPU
		{69FEA6EF-48D2-45E2-8AFE-B70777B52737}.Debug|Any CPU.Build.0 = Debug|Any CPU
		{69FEA6EF-48D2-45E2-8AFE-B70777B52737}.Release|Any CPU.ActiveCfg = Release|Any CPU
		{69FEA6EF-48D2-45E2-8AFE-B70777B52737}.Release|Any CPU.Build.0 = Release|Any CPU
	EndGlobalSection
	GlobalSection(SolutionProperties) = preSolution
		HideSolutionNode = FALSE
	EndGlobalSection
	GlobalSection(ExtensibilityGlobals) = postSolution
		SolutionGuid = {178C0431-6F9D-4FD0-9D28-551002E48627}
	EndGlobalSection
EndGlobal
